
Microsoft Visual Studio Solution File, Format Version 12.00
# Visual Studio 15
VisualStudioVersion = 15.0.26228.12
MinimumVisualStudioVersion = 10.0.40219.1
Project("{FAE04EC0-301F-11D3-BF4B-00C04F79EFBC}") = "WhipsShipRecolorTool", "WhipsShipRecolorTool\WhipsShipRecolorTool.csproj", "{0A0D1FEB-349E-428D-A804-8898219A2363}"
EndProject
Project("{54435603-DBB4-11D2-8724-00A0C9A8B90C}") = "WhipsShipRecolorToolSetup", "WhipsShipRecolorToolSetup\WhipsShipRecolorToolSetup.vdproj", "{0E7CDA35-AF25-422E-94F9-1173323E95B5}"
EndProject
Global
	GlobalSection(SolutionConfigurationPlatforms) = preSolution
		Debug|Any CPU = Debug|Any CPU
		Release|Any CPU = Release|Any CPU
	EndGlobalSection
	GlobalSection(ProjectConfigurationPlatforms) = postSolution
		{0A0D1FEB-349E-428D-A804-8898219A2363}.Debug|Any CPU.ActiveCfg = Debug|Any CPU
		{0A0D1FEB-349E-428D-A804-8898219A2363}.Debug|Any CPU.Build.0 = Debug|Any CPU
		{0A0D1FEB-349E-428D-A804-8898219A2363}.Release|Any CPU.ActiveCfg = Release|Any CPU
		{0A0D1FEB-349E-428D-A804-8898219A2363}.Release|Any CPU.Build.0 = Release|Any CPU
		{0E7CDA35-AF25-422E-94F9-1173323E95B5}.Debug|Any CPU.ActiveCfg = Debug
		{0E7CDA35-AF25-422E-94F9-1173323E95B5}.Release|Any CPU.ActiveCfg = Release
	EndGlobalSection
	GlobalSection(SolutionProperties) = preSolution
		HideSolutionNode = FALSE
	EndGlobalSection
	GlobalSection(ExtensibilityGlobals) = postSolution
		SolutionGuid = {D03D0258-10EB-42B4-A799-BCC841C3B1BB}
	EndGlobalSection
	GlobalSection(SolutionConfigurationPlatforms) = preSolution
		Debug|Any CPU = Debug|Any CPU
		Release|Any CPU = Release|Any CPU
	EndGlobalSection
EndGlobal
